Microsoft Visual Studio Solution File, Format Version 12.00
# Visual Studio 15
VisualStudioVersion = 15.0.26730.12
MinimumVisualStudioVersion = 10.0.40219.1
Project("{FAE04EC0-301F-11D3-BF4B-00C04F79EFBC}") = "Midi", "Midi\Midi.csproj", "{2198E9EA-1F92-4B4D-BA1E-2403EC866057}"
EndProject
Project("{FAE04EC0-301F-11D3-BF4B-00C04F79EFBC}") = "Midi.Tests", "Midi.Tests\Midi.Tests.csproj", "{B989D012-89C8-40E3-9EB9-2CC57A41DCAD}"
EndProject
Project("{FAE04EC0-301F-11D3-BF4B-00C04F79EFBC}") = "Midi.Examples", "Midi.Examples\Midi.Examples.csproj", "{980F9497-4B9F-4BB4-9A57-BD33230C862C}"
EndProject
Global
	GlobalSection(SolutionConfigurationPlatforms) = preSolution
		Debug|Any CPU = Debug|Any CPU
		Release|Any CPU = Release|Any CPU
	EndGlobalSection
	GlobalSection(ProjectConfigurationPlatforms) = postSolution
		{2198E9EA-1F92-4B4D-BA1E-2403EC866057}.Debug|Any CPU.ActiveCfg = Debug|Any CPU
		{2198E9EA-1F92-4B4D-BA1E-2403EC866057}.Debug|Any CPU.Build.0 = Debug|Any CPU
		{2198E9EA-1F92-4B4D-BA1E-2403EC866057}.Release|Any CPU.ActiveCfg = Release|Any CPU
		{2198E9EA-1F92-4B4D-BA1E-2403EC866057}.Release|Any CPU.Build.0 = Release|Any CPU
		{B989D012-89C8-40E3-9EB9-2CC57A41DCAD}.Debug|Any CPU.ActiveCfg = Debug|Any CPU
		{B989D012-89C8-40E3-9EB9-2CC57A41DCAD}.Debug|Any CPU.Build.0 = Debug|Any CPU
		{B989D012-89C8-40E3-9EB9-2CC57A41DCAD}.Release|Any CPU.ActiveCfg = Release|Any CPU
		{B989D012-89C8-40E3-9EB9-2CC57A41DCAD}.Release|Any CPU.Build.0 = Release|Any CPU
		{980F9497-4B9F-4BB4-9A57-BD33230C862C}.Debug|Any CPU.ActiveCfg = Debug|Any CPU
		{980F9497-4B9F-4BB4-9A57-BD33230C862C}.Debug|Any CPU.Build.0 = Debug|Any CPU
		{980F9497-4B9F-4BB4-9A57-BD33230C862C}.Release|Any CPU.ActiveCfg = Release|Any CPU
		{980F9497-4B9F-4BB4-9A57-BD33230C862C}.Release|Any CPU.Build.0 = Release|Any CPU
	EndGlobalSection
	GlobalSection(SolutionProperties) = preSolution
		HideSolutionNode = FALSE
	EndGlobalSection
	GlobalSection(ExtensibilityGlobals) = postSolution
		SolutionGuid = {0ABF3D62-E467-47E9-AA3A-33D1287BAE1A}
	EndGlobalSection
EndGlobal
